
Microsoft Visual Studio Solution File, Format Version 12.00
# Visual Studio Version 17
VisualStudioVersion = 17.11.35222.181
MinimumVisualStudioVersion = 10.0.40219.1
Project("{FAE04EC0-301F-11D3-BF4B-00C04F79EFBC}") = "calc", "calc\calc.csproj", "{16367199-BAA7-45FF-BF8C-F25527BE9B4D}"
EndProject
Global
	GlobalSection(SolutionConfigurationPlatforms) = preSolution
		Debug|Any CPU = Debug|Any CPU
		Release|Any CPU = Release|Any CPU
	EndGlobalSection
	GlobalSection(ProjectConfigurationPlatforms) = postSolution
		{16367199-BAA7-45FF-BF8C-F25527BE9B4D}.Debug|Any CPU.ActiveCfg = Debug|Any CPU
		{16367199-BAA7-45FF-BF8C-F25527BE9B4D}.Debug|Any CPU.Build.0 = Debug|Any CPU
		{16367199-BAA7-45FF-BF8C-F25527BE9B4D}.Release|Any CPU.ActiveCfg = Release|Any CPU
		{16367199-BAA7-45FF-BF8C-F25527BE9B4D}.Release|Any CPU.Build.0 = Release|Any CPU
	EndGlobalSection
	GlobalSection(SolutionProperties) = preSolution
		HideSolutionNode = FALSE
	EndGlobalSection
	GlobalSection(ExtensibilityGlobals) = postSolution
		SolutionGuid = {582F82C6-D288-44AE-B608-7943CEF5AC1F}
	EndGlobalSection
EndGlobal
